{
  "name": "dummy-package-talib",
  "version": "1.0.0",
  "lockfileVersion": 3,
  "requires": true,
  "packages": {
    "": {
      "name": "dummy-package-talib",
      "version": "1.0.0",
      "license": "ISC",
      "dependencies": {
        "dummy-package-talib": "^1.0.0"
      }
    },
    "node_modules/dummy-package-talib": {
      "version": "1.0.0",
      "resolved": "https://registry.npmjs.org/dummy-package-talib/-/dummy-package-talib-1.0.0.tgz",
      "integrity": "sha512-Kmm5nTlDRdu9R9Wnt1/OoO44MCXA74AQ5i0bfoV4W+1GZtTv5soF/dtOEiIP+xs3oXj8VDFWwgwhii1kYYg5MA=="
    }
  }
}
